
Microsoft Visual Studio Solution File, Format Version 12.00
# Visual Studio 16
Project("{FAE04EC0-301F-11D3-BF4B-00C04F79EFBC}") = "Assembly-CSharp", "Assembly-CSharp.csproj", "{04605F3F-443D-337B-AC1B-9FDFADD13476}"
EndProject
Project("{FAE04EC0-301F-11D3-BF4B-00C04F79EFBC}") = "Assembly-CSharp-firstpass", "Assembly-CSharp-firstpass.csproj", "{D2E8EB1B-A602-9A5E-4DBC-1AF27B6DE6C6}"
EndProject
Project("{FAE04EC0-301F-11D3-BF4B-00C04F79EFBC}") = "Assembly-CSharp-Editor", "Assembly-CSharp-Editor.csproj", "{BDB3BD77-015A-EC4B-9437-8DDF48FD971B}"
EndProject
Global
	GlobalSection(SolutionConfigurationPlatforms) = preSolution
		Debug|Any CPU = Debug|Any CPU
		Release|Any CPU = Release|Any CPU
	EndGlobalSection
	GlobalSection(ProjectConfigurationPlatforms) = postSolution
		{04605F3F-443D-337B-AC1B-9FDFADD13476}.Debug|Any CPU.ActiveCfg = Debug|Any CPU
		{04605F3F-443D-337B-AC1B-9FDFADD13476}.Debug|Any CPU.Build.0 = Debug|Any CPU
		{04605F3F-443D-337B-AC1B-9FDFADD13476}.Release|Any CPU.ActiveCfg = Release|Any CPU
		{04605F3F-443D-337B-AC1B-9FDFADD13476}.Release|Any CPU.Build.0 = Release|Any CPU
		{D2E8EB1B-A602-9A5E-4DBC-1AF27B6DE6C6}.Debug|Any CPU.ActiveCfg = Debug|Any CPU
		{D2E8EB1B-A602-9A5E-4DBC-1AF27B6DE6C6}.Debug|Any CPU.Build.0 = Debug|Any CPU
		{D2E8EB1B-A602-9A5E-4DBC-1AF27B6DE6C6}.Release|Any CPU.ActiveCfg = Release|Any CPU
		{D2E8EB1B-A602-9A5E-4DBC-1AF27B6DE6C6}.Release|Any CPU.Build.0 = Release|Any CPU
		{BDB3BD77-015A-EC4B-9437-8DDF48FD971B}.Debug|Any CPU.ActiveCfg = Debug|Any CPU
		{BDB3BD77-015A-EC4B-9437-8DDF48FD971B}.Debug|Any CPU.Build.0 = Debug|Any CPU
		{BDB3BD77-015A-EC4B-9437-8DDF48FD971B}.Release|Any CPU.ActiveCfg = Release|Any CPU
		{BDB3BD77-015A-EC4B-9437-8DDF48FD971B}.Release|Any CPU.Build.0 = Release|Any CPU
	EndGlobalSection
	GlobalSection(SolutionProperties) = preSolution
		HideSolutionNode = FALSE
	EndGlobalSection
	GlobalSection(MonoDevelopProperties) = preSolution
		StartupItem = Assembly-CSharp.csproj
	EndGlobalSection
EndGlobal
